
Microsoft Visual Studio Solution File, Format Version 12.00
# Visual Studio Version 16
VisualStudioVersion = 16.0.30114.105
MinimumVisualStudioVersion = 10.0.40219.1
Project("{FAE04EC0-301F-11D3-BF4B-00C04F79EFBC}") = "Assign0", "Assign0\Assign0.csproj", "{5B1B3621-5587-4BC9-A596-7EB0C607F9B6}"
EndProject
Project("{FAE04EC0-301F-11D3-BF4B-00C04F79EFBC}") = "Assign0.Tests", "Assign0.Tests\Assign0.Tests.csproj", "{FFE47275-DEC4-42C7-933F-4DDE005D3C14}"
EndProject
Global
	GlobalSection(SolutionConfigurationPlatforms) = preSolution
		Debug|Any CPU = Debug|Any CPU
		Debug|x64 = Debug|x64
		Debug|x86 = Debug|x86
		Release|Any CPU = Release|Any CPU
		Release|x64 = Release|x64
		Release|x86 = Release|x86
	EndGlobalSection
	GlobalSection(SolutionProperties) = preSolution
		HideSolutionNode = FALSE
	EndGlobalSection
	GlobalSection(ProjectConfigurationPlatforms) = postSolution
		{5B1B3621-5587-4BC9-A596-7EB0C607F9B6}.Debug|Any CPU.ActiveCfg = Debug|Any CPU
		{5B1B3621-5587-4BC9-A596-7EB0C607F9B6}.Debug|Any CPU.Build.0 = Debug|Any CPU
		{5B1B3621-5587-4BC9-A596-7EB0C607F9B6}.Debug|x64.ActiveCfg = Debug|Any CPU
		{5B1B3621-5587-4BC9-A596-7EB0C607F9B6}.Debug|x64.Build.0 = Debug|Any CPU
		{5B1B3621-5587-4BC9-A596-7EB0C607F9B6}.Debug|x86.ActiveCfg = Debug|Any CPU
		{5B1B3621-5587-4BC9-A596-7EB0C607F9B6}.Debug|x86.Build.0 = Debug|Any CPU
		{5B1B3621-5587-4BC9-A596-7EB0C607F9B6}.Release|Any CPU.ActiveCfg = Release|Any CPU
		{5B1B3621-5587-4BC9-A596-7EB0C607F9B6}.Release|Any CPU.Build.0 = Release|Any CPU
		{5B1B3621-5587-4BC9-A596-7EB0C607F9B6}.Release|x64.ActiveCfg = Release|Any CPU
		{5B1B3621-5587-4BC9-A596-7EB0C607F9B6}.Release|x64.Build.0 = Release|Any CPU
		{5B1B3621-5587-4BC9-A596-7EB0C607F9B6}.Release|x86.ActiveCfg = Release|Any CPU
		{5B1B3621-5587-4BC9-A596-7EB0C607F9B6}.Release|x86.Build.0 = Release|Any CPU
		{FFE47275-DEC4-42C7-933F-4DDE005D3C14}.Debug|Any CPU.ActiveCfg = Debug|Any CPU
		{FFE47275-DEC4-42C7-933F-4DDE005D3C14}.Debug|Any CPU.Build.0 = Debug|Any CPU
		{FFE47275-DEC4-42C7-933F-4DDE005D3C14}.Debug|x64.ActiveCfg = Debug|Any CPU
		{FFE47275-DEC4-42C7-933F-4DDE005D3C14}.Debug|x64.Build.0 = Debug|Any CPU
		{FFE47275-DEC4-42C7-933F-4DDE005D3C14}.Debug|x86.ActiveCfg = Debug|Any CPU
		{FFE47275-DEC4-42C7-933F-4DDE005D3C14}.Debug|x86.Build.0 = Debug|Any CPU
		{FFE47275-DEC4-42C7-933F-4DDE005D3C14}.Release|Any CPU.ActiveCfg = Release|Any CPU
		{FFE47275-DEC4-42C7-933F-4DDE005D3C14}.Release|Any CPU.Build.0 = Release|Any CPU
		{FFE47275-DEC4-42C7-933F-4DDE005D3C14}.Release|x64.ActiveCfg = Release|Any CPU
		{FFE47275-DEC4-42C7-933F-4DDE005D3C14}.Release|x64.Build.0 = Release|Any CPU
		{FFE47275-DEC4-42C7-933F-4DDE005D3C14}.Release|x86.ActiveCfg = Release|Any CPU
		{FFE47275-DEC4-42C7-933F-4DDE005D3C14}.Release|x86.Build.0 = Release|Any CPU
	EndGlobalSection
EndGlobal
